
Microsoft Visual Studio Solution File, Format Version 12.00
# Visual Studio Version 17
VisualStudioVersion = 17.9.34607.119
MinimumVisualStudioVersion = 10.0.40219.1
Project("{8BC9CEB8-8B4A-11D0-8D11-00A0C91BC942}") = "LW1 OOP", "LW1 OOP.vcxproj", "{4150AFCD-2053-46DA-B20F-3C904C84B617}"
EndProject
Global
	GlobalSection(SolutionConfigurationPlatforms) = preSolution
		Debug|x64 = Debug|x64
		Debug|x86 = Debug|x86
		Release|x64 = Release|x64
		Release|x86 = Release|x86
	EndGlobalSection
	GlobalSection(ProjectConfigurationPlatforms) = postSolution
		{4150AFCD-2053-46DA-B20F-3C904C84B617}.Debug|x64.ActiveCfg = Debug|x64
		{4150AFCD-2053-46DA-B20F-3C904C84B617}.Debug|x64.Build.0 = Debug|x64
		{4150AFCD-2053-46DA-B20F-3C904C84B617}.Debug|x86.ActiveCfg = Debug|Win32
		{4150AFCD-2053-46DA-B20F-3C904C84B617}.Debug|x86.Build.0 = Debug|Win32
		{4150AFCD-2053-46DA-B20F-3C904C84B617}.Release|x64.ActiveCfg = Release|x64
		{4150AFCD-2053-46DA-B20F-3C904C84B617}.Release|x64.Build.0 = Release|x64
		{4150AFCD-2053-46DA-B20F-3C904C84B617}.Release|x86.ActiveCfg = Release|Win32
		{4150AFCD-2053-46DA-B20F-3C904C84B617}.Release|x86.Build.0 = Release|Win32
	EndGlobalSection
	GlobalSection(SolutionProperties) = preSolution
		HideSolutionNode = FALSE
	EndGlobalSection
	GlobalSection(ExtensibilityGlobals) = postSolution
		SolutionGuid = {943BF0F2-3BAD-4D9F-8A50-6EB7BF0F8B88}
	EndGlobalSection
EndGlobal
